
Microsoft Visual Studio Solution File, Format Version 12.00
# Visual Studio 15
VisualStudioVersion = 15.0.27004.2009
MinimumVisualStudioVersion = 10.0.40219.1
Project("{FAE04EC0-301F-11D3-BF4B-00C04F79EFBC}") = "OpenWallpaper", "OpenWallpaper\OpenWallpaper.csproj", "{93BB8830-9801-4890-A487-AED6FC9B8E0F}"
EndProject
Global
	GlobalSection(SolutionConfigurationPlatforms) = preSolution
		Debug|Any CPU = Debug|Any CPU
		Debug|x64 = Debug|x64
		Debug|x86 = Debug|x86
		Release|Any CPU = Release|Any CPU
		Release|x64 = Release|x64
		Release|x86 = Release|x86
	EndGlobalSection
	GlobalSection(ProjectConfigurationPlatforms) = postSolution
		{93BB8830-9801-4890-A487-AED6FC9B8E0F}.Debug|Any CPU.ActiveCfg = Debug|Any CPU
		{93BB8830-9801-4890-A487-AED6FC9B8E0F}.Debug|Any CPU.Build.0 = Debug|Any CPU
		{93BB8830-9801-4890-A487-AED6FC9B8E0F}.Debug|x64.ActiveCfg = Debug|x64
		{93BB8830-9801-4890-A487-AED6FC9B8E0F}.Debug|x64.Build.0 = Debug|x64
		{93BB8830-9801-4890-A487-AED6FC9B8E0F}.Debug|x86.ActiveCfg = Debug|x64
		{93BB8830-9801-4890-A487-AED6FC9B8E0F}.Debug|x86.Build.0 = Debug|x64
		{93BB8830-9801-4890-A487-AED6FC9B8E0F}.Release|Any CPU.ActiveCfg = Release|Any CPU
		{93BB8830-9801-4890-A487-AED6FC9B8E0F}.Release|Any CPU.Build.0 = Release|Any CPU
		{93BB8830-9801-4890-A487-AED6FC9B8E0F}.Release|x64.ActiveCfg = Release|x64
		{93BB8830-9801-4890-A487-AED6FC9B8E0F}.Release|x64.Build.0 = Release|x64
		{93BB8830-9801-4890-A487-AED6FC9B8E0F}.Release|x86.ActiveCfg = Release|x86
		{93BB8830-9801-4890-A487-AED6FC9B8E0F}.Release|x86.Build.0 = Release|x86
	EndGlobalSection
	GlobalSection(SolutionProperties) = preSolution
		HideSolutionNode = FALSE
	EndGlobalSection
	GlobalSection(ExtensibilityGlobals) = postSolution
		SolutionGuid = {172B01A9-D3DD-4C70-A105-A1E1690E3C8E}
	EndGlobalSection
EndGlobal
